
Microsoft Visual Studio Solution File, Format Version 12.00
# Visual Studio Version 16
VisualStudioVersion = 16.0.29411.108
MinimumVisualStudioVersion = 10.0.40219.1
Project("{FAE04EC0-301F-11D3-BF4B-00C04F79EFBC}") = "Product-Inventory", "Product-Inventory\Product-Inventory.csproj", "{9F7C7ABE-B93C-4D0A-99DF-52C25468FF23}"
EndProject
Global
	GlobalSection(SolutionConfigurationPlatforms) = preSolution
		Debug|Any CPU = Debug|Any CPU
		Release|Any CPU = Release|Any CPU
	EndGlobalSection
	GlobalSection(ProjectConfigurationPlatforms) = postSolution
		{9F7C7ABE-B93C-4D0A-99DF-52C25468FF23}.Debug|Any CPU.ActiveCfg = Debug|Any CPU
		{9F7C7ABE-B93C-4D0A-99DF-52C25468FF23}.Debug|Any CPU.Build.0 = Debug|Any CPU
		{9F7C7ABE-B93C-4D0A-99DF-52C25468FF23}.Release|Any CPU.ActiveCfg = Release|Any CPU
		{9F7C7ABE-B93C-4D0A-99DF-52C25468FF23}.Release|Any CPU.Build.0 = Release|Any CPU
	EndGlobalSection
	GlobalSection(SolutionProperties) = preSolution
		HideSolutionNode = FALSE
	EndGlobalSection
	GlobalSection(ExtensibilityGlobals) = postSolution
		SolutionGuid = {4B70642F-7FC0-433C-ACE9-FFACA2EFC022}
	EndGlobalSection
EndGlobal
